
Microsoft Visual Studio Solution File, Format Version 12.00
# Visual Studio 15
VisualStudioVersion = 15.0.27703.2026
MinimumVisualStudioVersion = 10.0.40219.1
Project("{8BC9CEB8-8B4A-11D0-8D11-00A0C91BC942}") = "t4", "t4\t4.vcxproj", "{328FC320-BE65-42B7-B96C-FF36D5C57B9E}"
EndProject
Global
	GlobalSection(SolutionConfigurationPlatforms) = preSolution
		Debug|x64 = Debug|x64
		Debug|x86 = Debug|x86
		Release|x64 = Release|x64
		Release|x86 = Release|x86
	EndGlobalSection
	GlobalSection(ProjectConfigurationPlatforms) = postSolution
		{328FC320-BE65-42B7-B96C-FF36D5C57B9E}.Debug|x64.ActiveCfg = Debug|x64
		{328FC320-BE65-42B7-B96C-FF36D5C57B9E}.Debug|x64.Build.0 = Debug|x64
		{328FC320-BE65-42B7-B96C-FF36D5C57B9E}.Debug|x86.ActiveCfg = Debug|Win32
		{328FC320-BE65-42B7-B96C-FF36D5C57B9E}.Debug|x86.Build.0 = Debug|Win32
		{328FC320-BE65-42B7-B96C-FF36D5C57B9E}.Release|x64.ActiveCfg = Release|x64
		{328FC320-BE65-42B7-B96C-FF36D5C57B9E}.Release|x64.Build.0 = Release|x64
		{328FC320-BE65-42B7-B96C-FF36D5C57B9E}.Release|x86.ActiveCfg = Release|Win32
		{328FC320-BE65-42B7-B96C-FF36D5C57B9E}.Release|x86.Build.0 = Release|Win32
	EndGlobalSection
	GlobalSection(SolutionProperties) = preSolution
		HideSolutionNode = FALSE
	EndGlobalSection
	GlobalSection(ExtensibilityGlobals) = postSolution
		SolutionGuid = {625416E6-4671-4C5F-B3CC-C2D1E5E202F1}
	EndGlobalSection
EndGlobal
